{
  "name": "sample-app",
  "version": "0.1.0",
  "lockfileVersion": 3,
  "requires": true,
  "packages": {
    "": {
      "name": "sample-app",
      "version": "0.1.0",
      "license": "MIT",
      "dependencies": {
        "@revenexx/app-sdk": "^0.1.0"
      },
      "engines": {
        "node": ">=22"
      }
    },
    "node_modules/@revenexx/app-sdk": {
      "version": "0.1.0",
      "resolved": "https://npm.pkg.github.com/download/@revenexx/app-sdk/0.1.0/deef8d2247503018757cdd8a1f53f7864505c79d",
      "integrity": "sha512-MmwFuIJzJ3hb+Ryp0ZeVcvPkqm5T3yPilaZPA649MJFla+j88LpGV6nDPUtTlNjswEXvWE8KwwZITBHrNNxOuw==",
      "license": "MIT",
      "engines": {
        "node": ">=18"
      }
    }
  }
}
